{
  "name": "vue-admin-by-biglili",
  "version": "1.0.0",
  "lockfileVersion": 1,
  "requires": true,
  "dependencies": {
    "jr-qrcode": {
      "version": "1.1.4",
      "resolved": "https://registry.npmjs.org/jr-qrcode/-/jr-qrcode-1.1.4.tgz",
      "integrity": "sha512-041B7axC/tzKRFbCc4g5QCaPzga2IgyBGmUBkWQ+t4CMl83DBzFv9tq9XdJr7uIqe9X6zYZC7Cy5J9ttiBNxrw=="
    },
    "lodash": {
      "version": "4.17.15",
      "resolved": "https://registry.npmjs.org/lodash/-/lodash-4.17.15.tgz",
      "integrity": "sha512-8xOcRHvCjnocdS5cpwXQXVzmmh5e5+saE2QGoeQmbKmRS6J3VQppPOIt0MnmE+4xlZoumy0GPG0D0MVIQbNA1A=="
    }
  }
}
